
Microsoft Visual Studio Solution File, Format Version 12.00
# Visual Studio 15
VisualStudioVersion = 15.0.28010.2019
MinimumVisualStudioVersion = 10.0.40219.1
Project("{9A19103F-16F7-4668-BE54-9A1E7A4F7556}") = "LivroVisita", "LivroVisita\LivroVisita.csproj", "{77ED9EE9-2595-4C53-8C03-CA0427D707F4}"
EndProject
Project("{9A19103F-16F7-4668-BE54-9A1E7A4F7556}") = "DadosVisitas", "..\ExercicioEFCoreCodeFirst_182\ExercicioEFCoreCodeFirst_182\ExercicioEFCoreCodeFirst\DadosVisitas.csproj", "{8FE11E3F-3889-4506-A477-1585A355CE3E}"
EndProject
Global
	GlobalSection(SolutionConfigurationPlatforms) = preSolution
		Debug|Any CPU = Debug|Any CPU
		Release|Any CPU = Release|Any CPU
	EndGlobalSection
	GlobalSection(ProjectConfigurationPlatforms) = postSolution
		{77ED9EE9-2595-4C53-8C03-CA0427D707F4}.Debug|Any CPU.ActiveCfg = Debug|Any CPU
		{77ED9EE9-2595-4C53-8C03-CA0427D707F4}.Debug|Any CPU.Build.0 = Debug|Any CPU
		{77ED9EE9-2595-4C53-8C03-CA0427D707F4}.Release|Any CPU.ActiveCfg = Release|Any CPU
		{77ED9EE9-2595-4C53-8C03-CA0427D707F4}.Release|Any CPU.Build.0 = Release|Any CPU
		{8FE11E3F-3889-4506-A477-1585A355CE3E}.Debug|Any CPU.ActiveCfg = Debug|Any CPU
		{8FE11E3F-3889-4506-A477-1585A355CE3E}.Debug|Any CPU.Build.0 = Debug|Any CPU
		{8FE11E3F-3889-4506-A477-1585A355CE3E}.Release|Any CPU.ActiveCfg = Release|Any CPU
		{8FE11E3F-3889-4506-A477-1585A355CE3E}.Release|Any CPU.Build.0 = Release|Any CPU
	EndGlobalSection
	GlobalSection(SolutionProperties) = preSolution
		HideSolutionNode = FALSE
	EndGlobalSection
	GlobalSection(ExtensibilityGlobals) = postSolution
		SolutionGuid = {884EFF65-70FB-4355-A458-4147AE73EED7}
	EndGlobalSection
EndGlobal
